
Microsoft Visual Studio Solution File, Format Version 12.00
# Visual Studio Version 16
VisualStudioVersion = 16.0.33529.622
MinimumVisualStudioVersion = 10.0.40219.1
Project("{FAE04EC0-301F-11D3-BF4B-00C04F79EFBC}") = "projet_Gestion_de_Magasin", "projet_Gestion_de_Magasin\projet_Gestion_de_Magasin.csproj", "{040C82F5-A1CB-4C62-99BF-513AB1A39A20}"
EndProject
Global
	GlobalSection(SolutionConfigurationPlatforms) = preSolution
		Debug|Any CPU = Debug|Any CPU
		Release|Any CPU = Release|Any CPU
	EndGlobalSection
	GlobalSection(ProjectConfigurationPlatforms) = postSolution
		{040C82F5-A1CB-4C62-99BF-513AB1A39A20}.Debug|Any CPU.ActiveCfg = Debug|Any CPU
		{040C82F5-A1CB-4C62-99BF-513AB1A39A20}.Debug|Any CPU.Build.0 = Debug|Any CPU
		{040C82F5-A1CB-4C62-99BF-513AB1A39A20}.Release|Any CPU.ActiveCfg = Release|Any CPU
		{040C82F5-A1CB-4C62-99BF-513AB1A39A20}.Release|Any CPU.Build.0 = Release|Any CPU
	EndGlobalSection
	GlobalSection(SolutionProperties) = preSolution
		HideSolutionNode = FALSE
	EndGlobalSection
	GlobalSection(ExtensibilityGlobals) = postSolution
		SolutionGuid = {F0253DB0-4280-4CE2-A30D-857C2B25478F}
	EndGlobalSection
EndGlobal
